{
    "name": "censorify",
    "version": "0.1.1",
    "lockfileVersion": 3,
    "requires": true,
    "packages": {
        "": {
            "name": "censorify",
            "version": "0.1.1",
            "dependencies": {
                "censorify": "file:"
            },
            "engines": {
                "node": ">=6.0.0"
            }
        },
        "node_modules/censorify": {
            "resolved": "",
            "link": true
        }
    }
}
